{
  "nodes": {
    "home-manager": {
      "inputs": {
        "nixpkgs": [
          "nixpkgs"
        ]
      },
      "locked": {
        "lastModified": 1778144356,
        "narHash": "sha256-dGM+QCstz/DyLB68+JK5GWyMx4QSqmOJEVgZmy63d/g=",
        "owner": "nix-community",
        "repo": "home-manager",
        "rev": "e4419d3123b780d5f4c0bceeace450424387638c",
        "type": "github"
      },
      "original": {
        "owner": "nix-community",
        "repo": "home-manager",
        "type": "github"
      }
    },
    "nixpkgs": {
      "locked": {
        "lastModified": 1777954456,
        "narHash": "sha256-hGdgeU2Nk87RAuZyYjyDjFL6LK7dAZN5RE9+hrDTkDU=",
        "owner": "nixos",
        "repo": "nixpkgs",
        "rev": "549bd84d6279f9852cae6225e372cc67fb91a4c1",
        "type": "github"
      },
      "original": {
        "owner": "nixos",
        "ref": "nixos-unstable",
        "repo": "nixpkgs",
        "type": "github"
      }
    },
    "qs-theme": {
      "flake": false,
      "locked": {
        "lastModified": 1777472560,
        "narHash": "sha256-NIi3rFIR+Dx+L3xUBCJWXxjyX8LaKEctae2w1Q5ZfcE=",
        "owner": "dpentx",
        "repo": "qs-niri",
        "rev": "d794bbaf5d12ab6028c337494fa476abe4aa9b1a",
        "type": "github"
      },
      "original": {
        "owner": "dpentx",
        "repo": "qs-niri",
        "type": "github"
      }
    },
    "quickshell": {
      "inputs": {
        "nixpkgs": [
          "nixpkgs"
        ]
      },
      "locked": {
        "lastModified": 1778148537,
        "narHash": "sha256-sxY5HMSXCI4GtYrYZF+t+QIsdkDVrl0HxcXwklsXYik=",
        "ref": "refs/heads/master",
        "rev": "b93d61385fa3478e039c56f9d69c8c749a4f0989",
        "revCount": 816,
        "type": "git",
        "url": "https://git.outfoxxed.me/outfoxxed/quickshell"
      },
      "original": {
        "type": "git",
        "url": "https://git.outfoxxed.me/outfoxxed/quickshell"
      }
    },
    "root": {
      "inputs": {
        "home-manager": "home-manager",
        "nixpkgs": "nixpkgs",
        "qs-theme": "qs-theme",
        "quickshell": "quickshell"
      }
    }
  },
  "root": "root",
  "version": 7
}
